// !$*UTF8*$!
{
	archiveVersion = 1;
	classes = {
	};
	objectVersion = 56;
	objects = {

/* Begin PBXBuildFile section */
		039E84A72988662300B119CE /* FRAUD_FIGHTERSApp.swift in Sources */ = {isa = PBXBuildFile; fileRef = 039E84A62988662300B119CE /* FRAUD_FIGHTERSApp.swift */; };
		039E84A92988662300B119CE /* ContentView.swift in Sources */ = {isa = PBXBuildFile; fileRef = 039E84A82988662300B119CE /* ContentView.swift */; };
		039E84AB2988662400B119CE /* Assets.xcassets in Resources */ = {isa = PBXBuildFile; fileRef = 039E84AA2988662400B119CE /* Assets.xcassets */; };
		039E84AE2988662400B119CE /* Preview Assets.xcassets in Resources */ = {isa = PBXBuildFile; fileRef = 039E84AD2988662400B119CE /* Preview Assets.xcassets */; };
		039E84B02988662400B119CE /* Persistence.swift in Sources */ = {isa = PBXBuildFile; fileRef = 039E84AF2988662400B119CE /* Persistence.swift */; };
		039E84B32988662400B119CE /* FRAUD_FIGHTERS.xcdatamodeld in Sources */ = {isa = PBXBuildFile; fileRef = 039E84B12988662400B119CE /* FRAUD_FIGHTERS.xcdatamodeld */; };
		039E84BD2988662400B119CE /* FRAUD_FIGHTERSTests.swift in Sources */ = {isa = PBXBuildFile; fileRef = 039E84BC2988662400B119CE /* FRAUD_FIGHTERSTests.swift */; };
		039E84C72988662400B119CE /* FRAUD_FIGHTERSUITests.swift in Sources */ = {isa = PBXBuildFile; fileRef = 039E84C62988662400B119CE /* FRAUD_FIGHTERSUITests.swift */; };
		039E84C92988662400B119CE /* FRAUD_FIGHTERSUITestsLaunchTests.swift in Sources */ = {isa = PBXBuildFile; fileRef = 039E84C82988662400B119CE /* FRAUD_FIGHTERSUITestsLaunchTests.swift */; };
		039E84D62988699A00B119CE /* FRAUD FIGHTERS ASSETS in Resources */ = {isa = PBXBuildFile; fileRef = 039E84D52988699A00B119CE /* FRAUD FIGHTERS ASSETS */; };
		039E84D929899A2600B119CE /* Intro Screen Copy.png in Resources */ = {isa = PBXBuildFile; fileRef = 039E84D729899A2500B119CE /* Intro Screen Copy.png */; };
		039E84DA29899A2600B119CE /* Intro Screen.png in Resources */ = {isa = PBXBuildFile; fileRef = 039E84D829899A2500B119CE /* Intro Screen.png */; };
		039E84DC2989A4D600B119CE /* FRAUD FIGHTERS.swift in Sources */ = {isa = PBXBuildFile; fileRef = 039E84DB2989A4D600B119CE /* FRAUD FIGHTERS.swift */; };
		039E84DE2989B00D00B119CE /* Menu Screen.png in Resources */ = {isa = PBXBuildFile; fileRef = 039E84DD2989B00D00B119CE /* Menu Screen.png */; };
/* End PBXBuildFile section */

/* Begin PBXContainerItemProxy section */
		039E84B92988662400B119CE /* PBXContainerItemProxy */ = {
			isa = PBXContainerItemProxy;
			containerPortal = 039E849B2988662300B119CE /* Project object */;
			proxyType = 1;
			remoteGlobalIDString = 039E84A22988662300B119CE;
			remoteInfo = "FRAUD FIGHTERS";
		};
		039E84C32988662400B119CE /* PBXContainerItemProxy */ = {
			isa = PBXContainerItemProxy;
			containerPortal = 039E849B2988662300B119CE /* Project object */;
			proxyType = 1;
			remoteGlobalIDString = 039E84A22988662300B119CE;
			remoteInfo = "FRAUD FIGHTERS";
		};
/* End PBXContainerItemProxy section */

/* Begin PBXFileReference section */
		039E84A32988662300B119CE /* FRAUD FIGHTERS.app */ = {isa = PBXFileReference; explicitFileType = wrapper.application; includeInIndex = 0; path = "FRAUD FIGHTERS.app"; sourceTree = BUILT_PRODUCTS_DIR; };
		039E84A62988662300B119CE /* FRAUD_FIGHTERSApp.swift */ = {isa = PBXFileReference; lastKnownFileType = sourcecode.swift; path = FRAUD_FIGHTERSApp.swift; sourceTree = "<group>"; };
		039E84A82988662300B119CE /* ContentView.swift */ = {isa = PBXFileReference; lastKnownFileType = sourcecode.swift; path = ContentView.swift; sourceTree = "<group>"; };
		039E84AA2988662400B119CE /* Assets.xcassets */ = {isa = PBXFileReference; lastKnownFileType = folder.assetcatalog; path = Assets.xcassets; sourceTree = "<group>"; };
		039E84AD2988662400B119CE /* Preview Assets.xcassets */ = {isa = PBXFileReference; lastKnownFileType = folder.assetcatalog; path = "Preview Assets.xcassets"; sourceTree = "<group>"; };
		039E84AF2988662400B119CE /* Persistence.swift */ = {isa = PBXFileReference; lastKnownFileType = sourcecode.swift; path = Persistence.swift; sourceTree = "<group>"; };
		039E84B22988662400B119CE /* FRAUD_FIGHTERS.xcdatamodel */ = {isa = PBXFileReference; lastKnownFileType = wrapper.xcdatamodel; path = FRAUD_FIGHTERS.xcdatamodel; sourceTree = "<group>"; };
		039E84B82988662400B119CE /* FRAUD FIGHTERSTests.xctest */ = {isa = PBXFileReference; explicitFileType = wrapper.cfbundle; includeInIndex = 0; path = "FRAUD FIGHTERSTests.xctest"; sourceTree = BUILT_PRODUCTS_DIR; };
		039E84BC2988662400B119CE /* FRAUD_FIGHTERSTests.swift */ = {isa = PBXFileReference; lastKnownFileType = sourcecode.swift; path = FRAUD_FIGHTERSTests.swift; sourceTree = "<group>"; };
		039E84C22988662400B119CE /* FRAUD FIGHTERSUITests.xctest */ = {isa = PBXFileReference; explicitFileType = wrapper.cfbundle; includeInIndex = 0; path = "FRAUD FIGHTERSUITests.xctest"; sourceTree = BUILT_PRODUCTS_DIR; };
		039E84C62988662400B119CE /* FRAUD_FIGHTERSUITests.swift */ = {isa = PBXFileReference; lastKnownFileType = sourcecode.swift; path = FRAUD_FIGHTERSUITests.swift; sourceTree = "<group>"; };
		039E84C82988662400B119CE /* FRAUD_FIGHTERSUITestsLaunchTests.swift */ = {isa = PBXFileReference; lastKnownFileType = sourcecode.swift; path = FRAUD_FIGHTERSUITestsLaunchTests.swift; sourceTree = "<group>"; };
		039E84D52988699A00B119CE /* FRAUD FIGHTERS ASSETS */ = {isa = PBXFileReference; lastKnownFileType = folder; name = "FRAUD FIGHTERS ASSETS"; path = "../../FRAUD FIGHTERS ASSETS"; sourceTree = "<group>"; };
		039E84D729899A2500B119CE /* Intro Screen Copy.png */ = {isa = PBXFileReference; lastKnownFileType = image.png; name = "Intro Screen Copy.png"; path = "../../FRAUD FIGHTERS ASSETS/Intro Screen Copy.png"; sourceTree = "<group>"; };
		039E84D829899A2500B119CE /* Intro Screen.png */ = {isa = PBXFileReference; lastKnownFileType = image.png; name = "Intro Screen.png"; path = "../../FRAUD FIGHTERS ASSETS/Intro Screen.png"; sourceTree = "<group>"; };
		039E84DB2989A4D600B119CE /* FRAUD FIGHTERS.swift */ = {isa = PBXFileReference; lastKnownFileType = sourcecode.swift; path = "FRAUD FIGHTERS.swift"; sourceTree = "<group>"; };
		039E84DD2989B00D00B119CE /* Menu Screen.png */ = {isa = PBXFileReference; lastKnownFileType = image.png; name = "Menu Screen.png"; path = "../../FRAUD FIGHTERS ASSETS/Menu Screen.png"; sourceTree = "<group>"; };
/* End PBXFileReference section */

/* Begin PBXFrameworksBuildPhase section */
		039E84A02988662300B119CE /* Frameworks */ = {
			isa = PBXFrameworksBuildPhase;
			buildActionMask = 2147483647;
			files = (
			);
			runOnlyForDeploymentPostprocessing = 0;
		};
		039E84B52988662400B119CE /* Frameworks */ = {
			isa = PBXFrameworksBuildPhase;
			buildActionMask = 2147483647;
			files = (
			);
			runOnlyForDeploymentPostprocessing = 0;
		};
		039E84BF2988662400B119CE /* Frameworks */ = {
			isa = PBXFrameworksBuildPhase;
			buildActionMask = 2147483647;
			files = (
			);
			runOnlyForDeploymentPostprocessing = 0;
		};
/* End PBXFrameworksBuildPhase section */

/* Begin PBXGroup section */
		039E849A2988662300B119CE = {
			isa = PBXGroup;
			children = (
				039E84A52988662300B119CE /* FRAUD FIGHTERS */,
				039E84BB2988662400B119CE /* FRAUD FIGHTERSTests */,
				039E84C52988662400B119CE /* FRAUD FIGHTERSUITests */,
				039E84A42988662300B119CE /* Products */,
			);
			sourceTree = "<group>";
		};
		039E84A42988662300B119CE /* Products */ = {
			isa = PBXGroup;
			children = (
				039E84A32988662300B119CE /* FRAUD FIGHTERS.app */,
				039E84B82988662400B119CE /* FRAUD FIGHTERSTests.xctest */,
				039E84C22988662400B119CE /* FRAUD FIGHTERSUITests.xctest */,
			);
			name = Products;
			sourceTree = "<group>";
		};
		039E84A52988662300B119CE /* FRAUD FIGHTERS */ = {
			isa = PBXGroup;
			children = (
				039E84A62988662300B119CE /* FRAUD_FIGHTERSApp.swift */,
				039E84D729899A2500B119CE /* Intro Screen Copy.png */,
				039E84D829899A2500B119CE /* Intro Screen.png */,
				039E84A82988662300B119CE /* ContentView.swift */,
				039E84DB2989A4D600B119CE /* FRAUD FIGHTERS.swift */,
				039E84DD2989B00D00B119CE /* Menu Screen.png */,
				039E84D52988699A00B119CE /* FRAUD FIGHTERS ASSETS */,
				039E84AA2988662400B119CE /* Assets.xcassets */,
				039E84AF2988662400B119CE /* Persistence.swift */,
				039E84B12988662400B119CE /* FRAUD_FIGHTERS.xcdatamodeld */,
				039E84AC2988662400B119CE /* Preview Content */,
			);
			path = "FRAUD FIGHTERS";
			sourceTree = "<group>";
		};
		039E84AC2988662400B119CE /* Preview Content */ = {
			isa = PBXGroup;
			children = (
				039E84AD2988662400B119CE /* Preview Assets.xcassets */,
			);
			path = "Preview Content";
			sourceTree = "<group>";
		};
		039E84BB2988662400B119CE /* FRAUD FIGHTERSTests */ = {
			isa = PBXGroup;
			children = (
				039E84BC2988662400B119CE /* FRAUD_FIGHTERSTests.swift */,
			);
			path = "FRAUD FIGHTERSTests";
			sourceTree = "<group>";
		};
		039E84C52988662400B119CE /* FRAUD FIGHTERSUITests */ = {
			isa = PBXGroup;
			children = (
				039E84C62988662400B119CE /* FRAUD_FIGHTERSUITests.swift */,
				039E84C82988662400B119CE /* FRAUD_FIGHTERSUITestsLaunchTests.swift */,
			);
			path = "FRAUD FIGHTERSUITests";
			sourceTree = "<group>";
		};
/* End PBXGroup section */

/* Begin PBXNativeTarget section */
		039E84A22988662300B119CE /* FRAUD FIGHTERS */ = {
			isa = PBXNativeTarget;
			buildConfigurationList = 039E84CC2988662400B119CE /* Build configuration list for PBXNativeTarget "FRAUD FIGHTERS" */;
			buildPhases = (
				039E849F2988662300B119CE /* Sources */,
				039E84A02988662300B119CE /* Frameworks */,
				039E84A12988662300B119CE /* Resources */,
			);
			buildRules = (
			);
			dependencies = (
			);
			name = "FRAUD FIGHTERS";
			productName = "FRAUD FIGHTERS";
			productReference = 039E84A32988662300B119CE /* FRAUD FIGHTERS.app */;
			productType = "com.apple.product-type.application";
		};
		039E84B72988662400B119CE /* FRAUD FIGHTERSTests */ = {
			isa = PBXNativeTarget;
			buildConfigurationList = 039E84CF2988662400B119CE /* Build configuration list for PBXNativeTarget "FRAUD FIGHTERSTests" */;
			buildPhases = (
				039E84B42988662400B119CE /* Sources */,
				039E84B52988662400B119CE /* Frameworks */,
				039E84B62988662400B119CE /* Resources */,
			);
			buildRules = (
			);
			dependencies = (
				039E84BA2988662400B119CE /* PBXTargetDependency */,
			);
			name = "FRAUD FIGHTERSTests";
			productName = "FRAUD FIGHTERSTests";
			productReference = 039E84B82988662400B119CE /* FRAUD FIGHTERSTests.xctest */;
			productType = "com.apple.product-type.bundle.unit-test";
		};
		039E84C12988662400B119CE /* FRAUD FIGHTERSUITests */ = {
			isa = PBXNativeTarget;
			buildConfigurationList = 039E84D22988662400B119CE /* Build configuration list for PBXNativeTarget "FRAUD FIGHTERSUITests" */;
			buildPhases = (
				039E84BE2988662400B119CE /* Sources */,
				039E84BF2988662400B119CE /* Frameworks */,
				039E84C02988662400B119CE /* Resources */,
			);
			buildRules = (
			);
			dependencies = (
				039E84C42988662400B119CE /* PBXTargetDependency */,
			);
			name = "FRAUD FIGHTERSUITests";
			productName = "FRAUD FIGHTERSUITests";
			productReference = 039E84C22988662400B119CE /* FRAUD FIGHTERSUITests.xctest */;
			productType = "com.apple.product-type.bundle.ui-testing";
		};
/* End PBXNativeTarget section */

/* Begin PBXProject section */
		039E849B2988662300B119CE /* Project object */ = {
			isa = PBXProject;
			attributes = {
				BuildIndependentTargetsInParallel = 1;
				LastSwiftUpdateCheck = 1420;
				LastUpgradeCheck = 1420;
				TargetAttributes = {
					039E84A22988662300B119CE = {
						CreatedOnToolsVersion = 14.2;
					};
					039E84B72988662400B119CE = {
						CreatedOnToolsVersion = 14.2;
						TestTargetID = 039E84A22988662300B119CE;
					};
					039E84C12988662400B119CE = {
						CreatedOnToolsVersion = 14.2;
						TestTargetID = 039E84A22988662300B119CE;
					};
				};
			};
			buildConfigurationList = 039E849E2988662300B119CE /* Build configuration list for PBXProject "FRAUD FIGHTERS" */;
			compatibilityVersion = "Xcode 14.0";
			developmentRegion = en;
			hasScannedForEncodings = 0;
			knownRegions = (
				en,
				Base,
			);
			mainGroup = 039E849A2988662300B119CE;
			productRefGroup = 039E84A42988662300B119CE /* Products */;
			projectDirPath = "";
			projectRoot = "";
			targets = (
				039E84A22988662300B119CE /* FRAUD FIGHTERS */,
				039E84B72988662400B119CE /* FRAUD FIGHTERSTests */,
				039E84C12988662400B119CE /* FRAUD FIGHTERSUITests */,
			);
		};
/* End PBXProject section */

/* Begin PBXResourcesBuildPhase section */
		039E84A12988662300B119CE /* Resources */ = {
			isa = PBXResourcesBuildPhase;
			buildActionMask = 2147483647;
			files = (
				039E84AE2988662400B119CE /* Preview Assets.xcassets in Resources */,
				039E84D62988699A00B119CE /* FRAUD FIGHTERS ASSETS in Resources */,
				039E84AB2988662400B119CE /* Assets.xcassets in Resources */,
				039E84D929899A2600B119CE /* Intro Screen Copy.png in Resources */,
				039E84DA29899A2600B119CE /* Intro Screen.png in Resources */,
				039E84DE2989B00D00B119CE /* Menu Screen.png in Resources */,
			);
			runOnlyForDeploymentPostprocessing = 0;
		};
		039E84B62988662400B119CE /* Resources */ = {
			isa = PBXResourcesBuildPhase;
			buildActionMask = 2147483647;
			files = (
			);
			runOnlyForDeploymentPostprocessing = 0;
		};
		039E84C02988662400B119CE /* Resources */ = {
			isa = PBXResourcesBuildPhase;
			buildActionMask = 2147483647;
			files = (
			);
			runOnlyForDeploymentPostprocessing = 0;
		};
/* End PBXResourcesBuildPhase section */

/* Begin PBXSourcesBuildPhase section */
		039E849F2988662300B119CE /* Sources */ = {
			isa = PBXSourcesBuildPhase;
			buildActionMask = 2147483647;
			files = (
				039E84B32988662400B119CE /* FRAUD_FIGHTERS.xcdatamodeld in Sources */,
				039E84DC2989A4D600B119CE /* FRAUD FIGHTERS.swift in Sources */,
				039E84B02988662400B119CE /* Persistence.swift in Sources */,
				039E84A92988662300B119CE /* ContentView.swift in Sources */,
				039E84A72988662300B119CE /* FRAUD_FIGHTERSApp.swift in Sources */,
			);
			runOnlyForDeploymentPostprocessing = 0;
		};
		039E84B42988662400B119CE /* Sources */ = {
			isa = PBXSourcesBuildPhase;
			buildActionMask = 2147483647;
			files = (
				039E84BD2988662400B119CE /* FRAUD_FIGHTERSTests.swift in Sources */,
			);
			runOnlyForDeploymentPostprocessing = 0;
		};
		039E84BE2988662400B119CE /* Sources */ = {
			isa = PBXSourcesBuildPhase;
			buildActionMask = 2147483647;
			files = (
				039E84C72988662400B119CE /* FRAUD_FIGHTERSUITests.swift in Sources */,
				039E84C92988662400B119CE /* FRAUD_FIGHTERSUITestsLaunchTests.swift in Sources */,
			);
			runOnlyForDeploymentPostprocessing = 0;
		};
/* End PBXSourcesBuildPhase section */

/* Begin PBXTargetDependency section */
		039E84BA2988662400B119CE /* PBXTargetDependency */ = {
			isa = PBXTargetDependency;
			target = 039E84A22988662300B119CE /* FRAUD FIGHTERS */;
			targetProxy = 039E84B92988662400B119CE /* PBXContainerItemProxy */;
		};
		039E84C42988662400B119CE /* PBXTargetDependency */ = {
			isa = PBXTargetDependency;
			target = 039E84A22988662300B119CE /* FRAUD FIGHTERS */;
			targetProxy = 039E84C32988662400B119CE /* PBXContainerItemProxy */;
		};
/* End PBXTargetDependency section */

/* Begin XCBuildConfiguration section */
		039E84CA2988662400B119CE /* Debug */ = {
			isa = XCBuildConfiguration;
			buildSettings = {
				ALWAYS_SEARCH_USER_PATHS = NO;
				CLANG_ANALYZER_NONNULL = YES;
				CLANG_ANALYZER_NUMBER_OBJECT_CONVERSION = YES_AGGRESSIVE;
				CLANG_CXX_LANGUAGE_STANDARD = "gnu++20";
				CLANG_ENABLE_MODULES = YES;
				CLANG_ENABLE_OBJC_ARC = YES;
				CLANG_ENABLE_OBJC_WEAK = YES;
				CLANG_WARN_BLOCK_CAPTURE_AUTORELEASING = YES;
				CLANG_WARN_BOOL_CONVERSION = YES;
				CLANG_WARN_COMMA = YES;
				CLANG_WARN_CONSTANT_CONVERSION = YES;
				CLANG_WARN_DEPRECATED_OBJC_IMPLEMENTATIONS = YES;
				CLANG_WARN_DIRECT_OBJC_ISA_USAGE = YES_ERROR;
				CLANG_WARN_DOCUMENTATION_COMMENTS = YES;
				CLANG_WARN_EMPTY_BODY = YES;
				CLANG_WARN_ENUM_CONVERSION = YES;
				CLANG_WARN_INFINITE_RECURSION = YES;
				CLANG_WARN_INT_CONVERSION = YES;
				CLANG_WARN_NON_LITERAL_NULL_CONVERSION = YES;
				CLANG_WARN_OBJC_IMPLICIT_RETAIN_SELF = YES;
				CLANG_WARN_OBJC_LITERAL_CONVERSION = YES;
				CLANG_WARN_OBJC_ROOT_CLASS = YES_ERROR;
				CLANG_WARN_QUOTED_INCLUDE_IN_FRAMEWORK_HEADER = YES;
				CLANG_WARN_RANGE_LOOP_ANALYSIS = YES;
				CLANG_WARN_STRICT_PROTOTYPES = YES;
				CLANG_WARN_SUSPICIOUS_MOVE = YES;
				CLANG_WARN_UNGUARDED_AVAILABILITY = YES_AGGRESSIVE;
				CLANG_WARN_UNREACHABLE_CODE = YES;
				CLANG_WARN__DUPLICATE_METHOD_MATCH = YES;
				COPY_PHASE_STRIP = NO;
				DEBUG_INFORMATION_FORMAT = dwarf;
				ENABLE_STRICT_OBJC_MSGSEND = YES;
				ENABLE_TESTABILITY = YES;
				GCC_C_LANGUAGE_STANDARD = gnu11;
				GCC_DYNAMIC_NO_PIC = NO;
				GCC_NO_COMMON_BLOCKS = YES;
				GCC_OPTIMIZATION_LEVEL = 0;
				GCC_PREPROCESSOR_DEFINITIONS = (
					"DEBUG=1",
					"$(inherited)",
				);
				GCC_WARN_64_TO_32_BIT_CONVERSION = YES;
				GCC_WARN_ABOUT_RETURN_TYPE = YES_ERROR;
				GCC_WARN_UNDECLARED_SELECTOR = YES;
				GCC_WARN_UNINITIALIZED_AUTOS = YES_AGGRESSIVE;
				GCC_WARN_UNUSED_FUNCTION = YES;
				GCC_WARN_UNUSED_VARIABLE = YES;
				IPHONEOS_DEPLOYMENT_TARGET = 16.2;
				MTL_ENABLE_DEBUG_INFO = INCLUDE_SOURCE;
				MTL_FAST_MATH = YES;
				ONLY_ACTIVE_ARCH = YES;
				SDKROOT = iphoneos;
				SWIFT_ACTIVE_COMPILATION_CONDITIONS = DEBUG;
				SWIFT_OPTIMIZATION_LEVEL = "-Onone";
			};
			name = Debug;
		};
		039E84CB2988662400B119CE /* Release */ = {
			isa = XCBuildConfiguration;
			buildSettings = {
				ALWAYS_SEARCH_USER_PATHS = NO;
				CLANG_ANALYZER_NONNULL = YES;
				CLANG_ANALYZER_NUMBER_OBJECT_CONVERSION = YES_AGGRESSIVE;
				CLANG_CXX_LANGUAGE_STANDARD = "gnu++20";
				CLANG_ENABLE_MODULES = YES;
				CLANG_ENABLE_OBJC_ARC = YES;
				CLANG_ENABLE_OBJC_WEAK = YES;
				CLANG_WARN_BLOCK_CAPTURE_AUTORELEASING = YES;
				CLANG_WARN_BOOL_CONVERSION = YES;
				CLANG_WARN_COMMA = YES;
				CLANG_WARN_CONSTANT_CONVERSION = YES;
				CLANG_WARN_DEPRECATED_OBJC_IMPLEMENTATIONS = YES;
				CLANG_WARN_DIRECT_OBJC_ISA_USAGE = YES_ERROR;
				CLANG_WARN_DOCUMENTATION_COMMENTS = YES;
				CLANG_WARN_EMPTY_BODY = YES;
				CLANG_WARN_ENUM_CONVERSION = YES;
				CLANG_WARN_INFINITE_RECURSION = YES;
				CLANG_WARN_INT_CONVERSION = YES;
				CLANG_WARN_NON_LITERAL_NULL_CONVERSION = YES;
				CLANG_WARN_OBJC_IMPLICIT_RETAIN_SELF = YES;
				CLANG_WARN_OBJC_LITERAL_CONVERSION = YES;
				CLANG_WARN_OBJC_ROOT_CLASS = YES_ERROR;
				CLANG_WARN_QUOTED_INCLUDE_IN_FRAMEWORK_HEADER = YES;
				CLANG_WARN_RANGE_LOOP_ANALYSIS = YES;
				CLANG_WARN_STRICT_PROTOTYPES = YES;
				CLANG_WARN_SUSPICIOUS_MOVE = YES;
				CLANG_WARN_UNGUARDED_AVAILABILITY = YES_AGGRESSIVE;
				CLANG_WARN_UNREACHABLE_CODE = YES;
				CLANG_WARN__DUPLICATE_METHOD_MATCH = YES;
				COPY_PHASE_STRIP = NO;
				DEBUG_INFORMATION_FORMAT = "dwarf-with-dsym";
				ENABLE_NS_ASSERTIONS = NO;
				ENABLE_STRICT_OBJC_MSGSEND = YES;
				GCC_C_LANGUAGE_STANDARD = gnu11;
				GCC_NO_COMMON_BLOCKS = YES;
				GCC_WARN_64_TO_32_BIT_CONVERSION = YES;
				GCC_WARN_ABOUT_RETURN_TYPE = YES_ERROR;
				GCC_WARN_UNDECLARED_SELECTOR = YES;
				GCC_WARN_UNINITIALIZED_AUTOS = YES_AGGRESSIVE;
				GCC_WARN_UNUSED_FUNCTION = YES;
				GCC_WARN_UNUSED_VARIABLE = YES;
				IPHONEOS_DEPLOYMENT_TARGET = 16.2;
				MTL_ENABLE_DEBUG_INFO = NO;
				MTL_FAST_MATH = YES;
				SDKROOT = iphoneos;
				SWIFT_COMPILATION_MODE = wholemodule;
				SWIFT_OPTIMIZATION_LEVEL = "-O";
				VALIDATE_PRODUCT = YES;
			};
			name = Release;
		};
		039E84CD2988662400B119CE /* Debug */ = {
			isa = XCBuildConfiguration;
			buildSettings = {
				ASSETCATALOG_COMPILER_APPICON_NAME = AppIcon;
				ASSETCATALOG_COMPILER_GLOBAL_ACCENT_COLOR_NAME = AccentColor;
				CODE_SIGN_STYLE = Automatic;
				CURRENT_PROJECT_VERSION = 1;
				DEVELOPMENT_ASSET_PATHS = "\"FRAUD FIGHTERS/Preview Content\"";
				ENABLE_PREVIEWS = YES;
				GENERATE_INFOPLIST_FILE = YES;
				INFOPLIST_KEY_UIApplicationSceneManifest_Generation = YES;
				INFOPLIST_KEY_UIApplicationSupportsIndirectInputEvents = YES;
				INFOPLIST_KEY_UILaunchScreen_Generation = YES;
				INFOPLIST_KEY_UISupportedInterfaceOrientations_iPad = "UIInterfaceOrientationPortrait UIInterfaceOrientationPortraitUpsideDown UIInterfaceOrientationLandscapeLeft UIInterfaceOrientationLandscapeRight";
				INFOPLIST_KEY_UISupportedInterfaceOrientations_iPhone = "UIInterfaceOrientationPortrait UIInterfaceOrientationLandscapeLeft UIInterfaceOrientationLandscapeRight";
				LD_RUNPATH_SEARCH_PATHS = (
					"$(inherited)",
					"@executable_path/Frameworks",
				);
				MARKETING_VERSION = 1.0;
				PRODUCT_BUNDLE_IDENTIFIER = "com.jamal.FRAUD-FIGHTERS";
				PRODUCT_NAME = "$(TARGET_NAME)";
				SWIFT_EMIT_LOC_STRINGS = YES;
				SWIFT_VERSION = 5.0;
				TARGETED_DEVICE_FAMILY = "1,2";
			};
			name = Debug;
		};
		039E84CE2988662400B119CE /* Release */ = {
			isa = XCBuildConfiguration;
			buildSettings = {
				ASSETCATALOG_COMPILER_APPICON_NAME = AppIcon;
				ASSETCATALOG_COMPILER_GLOBAL_ACCENT_COLOR_NAME = AccentColor;
				CODE_SIGN_STYLE = Automatic;
				CURRENT_PROJECT_VERSION = 1;
				DEVELOPMENT_ASSET_PATHS = "\"FRAUD FIGHTERS/Preview Content\"";
				ENABLE_PREVIEWS = YES;
				GENERATE_INFOPLIST_FILE = YES;
				INFOPLIST_KEY_UIApplicationSceneManifest_Generation = YES;
				INFOPLIST_KEY_UIApplicationSupportsIndirectInputEvents = YES;
				INFOPLIST_KEY_UILaunchScreen_Generation = YES;
				INFOPLIST_KEY_UISupportedInterfaceOrientations_iPad = "UIInterfaceOrientationPortrait UIInterfaceOrientationPortraitUpsideDown UIInterfaceOrientationLandscapeLeft UIInterfaceOrientationLandscapeRight";
				INFOPLIST_KEY_UISupportedInterfaceOrientations_iPhone = "UIInterfaceOrientationPortrait UIInterfaceOrientationLandscapeLeft UIInterfaceOrientationLandscapeRight";
				LD_RUNPATH_SEARCH_PATHS = (
					"$(inherited)",
					"@executable_path/Frameworks",
				);
				MARKETING_VERSION = 1.0;
				PRODUCT_BUNDLE_IDENTIFIER = "com.jamal.FRAUD-FIGHTERS";
				PRODUCT_NAME = "$(TARGET_NAME)";
				SWIFT_EMIT_LOC_STRINGS = YES;
				SWIFT_VERSION = 5.0;
				TARGETED_DEVICE_FAMILY = "1,2";
			};
			name = Release;
		};
		039E84D02988662400B119CE /* Debug */ = {
			isa = XCBuildConfiguration;
			buildSettings = {
				ALWAYS_EMBED_SWIFT_STANDARD_LIBRARIES = YES;
				BUNDLE_LOADER = "$(TEST_HOST)";
				CODE_SIGN_STYLE = Automatic;
				CURRENT_PROJECT_VERSION = 1;
				GENERATE_INFOPLIST_FILE = YES;
				IPHONEOS_DEPLOYMENT_TARGET = 16.2;
				MARKETING_VERSION = 1.0;
				PRODUCT_BUNDLE_IDENTIFIER = "com.jamal.FRAUD-FIGHTERSTests";
				PRODUCT_NAME = "$(TARGET_NAME)";
				SWIFT_EMIT_LOC_STRINGS = NO;
				SWIFT_VERSION = 5.0;
				TARGETED_DEVICE_FAMILY = "1,2";
				TEST_HOST = "$(BUILT_PRODUCTS_DIR)/FRAUD FIGHTERS.app/$(BUNDLE_EXECUTABLE_FOLDER_PATH)/FRAUD FIGHTERS";
			};
			name = Debug;
		};
		039E84D12988662400B119CE /* Release */ = {
			isa = XCBuildConfiguration;
			buildSettings = {
				ALWAYS_EMBED_SWIFT_STANDARD_LIBRARIES = YES;
				BUNDLE_LOADER = "$(TEST_HOST)";
				CODE_SIGN_STYLE = Automatic;
				CURRENT_PROJECT_VERSION = 1;
				GENERATE_INFOPLIST_FILE = YES;
				IPHONEOS_DEPLOYMENT_TARGET = 16.2;
				MARKETING_VERSION = 1.0;
				PRODUCT_BUNDLE_IDENTIFIER = "com.jamal.FRAUD-FIGHTERSTests";
				PRODUCT_NAME = "$(TARGET_NAME)";
				SWIFT_EMIT_LOC_STRINGS = NO;
				SWIFT_VERSION = 5.0;
				TARGETED_DEVICE_FAMILY = "1,2";
				TEST_HOST = "$(BUILT_PRODUCTS_DIR)/FRAUD FIGHTERS.app/$(BUNDLE_EXECUTABLE_FOLDER_PATH)/FRAUD FIGHTERS";
			};
			name = Release;
		};
		039E84D32988662400B119CE /* Debug */ = {
			isa = XCBuildConfiguration;
			buildSettings = {
				ALWAYS_EMBED_SWIFT_STANDARD_LIBRARIES = YES;
				CODE_SIGN_STYLE = Automatic;
				CURRENT_PROJECT_VERSION = 1;
				GENERATE_INFOPLIST_FILE = YES;
				MARKETING_VERSION = 1.0;
				PRODUCT_BUNDLE_IDENTIFIER = "com.jamal.FRAUD-FIGHTERSUITests";
				PRODUCT_NAME = "$(TARGET_NAME)";
				SWIFT_EMIT_LOC_STRINGS = NO;
				SWIFT_VERSION = 5.0;
				TARGETED_DEVICE_FAMILY = "1,2";
				TEST_TARGET_NAME = "FRAUD FIGHTERS";
			};
			name = Debug;
		};
		039E84D42988662400B119CE /* Release */ = {
			isa = XCBuildConfiguration;
			buildSettings = {
				ALWAYS_EMBED_SWIFT_STANDARD_LIBRARIES = YES;
				CODE_SIGN_STYLE = Automatic;
				CURRENT_PROJECT_VERSION = 1;
				GENERATE_INFOPLIST_FILE = YES;
				MARKETING_VERSION = 1.0;
				PRODUCT_BUNDLE_IDENTIFIER = "com.jamal.FRAUD-FIGHTERSUITests";
				PRODUCT_NAME = "$(TARGET_NAME)";
				SWIFT_EMIT_LOC_STRINGS = NO;
				SWIFT_VERSION = 5.0;
				TARGETED_DEVICE_FAMILY = "1,2";
				TEST_TARGET_NAME = "FRAUD FIGHTERS";
			};
			name = Release;
		};
/* End XCBuildConfiguration section */

/* Begin XCConfigurationList section */
		039E849E2988662300B119CE /* Build configuration list for PBXProject "FRAUD FIGHTERS" */ = {
			isa = XCConfigurationList;
			buildConfigurations = (
				039E84CA2988662400B119CE /* Debug */,
				039E84CB2988662400B119CE /* Release */,
			);
			defaultConfigurationIsVisible = 0;
			defaultConfigurationName = Release;
		};
		039E84CC2988662400B119CE /* Build configuration list for PBXNativeTarget "FRAUD FIGHTERS" */ = {
			isa = XCConfigurationList;
			buildConfigurations = (
				039E84CD2988662400B119CE /* Debug */,
				039E84CE2988662400B119CE /* Release */,
			);
			defaultConfigurationIsVisible = 0;
			defaultConfigurationName = Release;
		};
		039E84CF2988662400B119CE /* Build configuration list for PBXNativeTarget "FRAUD FIGHTERSTests" */ = {
			isa = XCConfigurationList;
			buildConfigurations = (
				039E84D02988662400B119CE /* Debug */,
				039E84D12988662400B119CE /* Release */,
			);
			defaultConfigurationIsVisible = 0;
			defaultConfigurationName = Release;
		};
		039E84D22988662400B119CE /* Build configuration list for PBXNativeTarget "FRAUD FIGHTERSUITests" */ = {
			isa = XCConfigurationList;
			buildConfigurations = (
				039E84D32988662400B119CE /* Debug */,
				039E84D42988662400B119CE /* Release */,
			);
			defaultConfigurationIsVisible = 0;
			defaultConfigurationName = Release;
		};
/* End XCConfigurationList section */

/* Begin XCVersionGroup section */
		039E84B12988662400B119CE /* FRAUD_FIGHTERS.xcdatamodeld */ = {
			isa = XCVersionGroup;
			children = (
				039E84B22988662400B119CE /* FRAUD_FIGHTERS.xcdatamodel */,
			);
			currentVersion = 039E84B22988662400B119CE /* FRAUD_FIGHTERS.xcdatamodel */;
			path = FRAUD_FIGHTERS.xcdatamodeld;
			sourceTree = "<group>";
			versionGroupType = wrapper.xcdatamodel;
		};
/* End XCVersionGroup section */
	};
	rootObject = 039E849B2988662300B119CE /* Project object */;
}
